
Microsoft Visual Studio Solution File, Format Version 12.00
# Visual Studio Version 17
VisualStudioVersion = 17.2.32516.85
MinimumVisualStudioVersion = 10.0.40219.1
Project("{FAE04EC0-301F-11D3-BF4B-00C04F79EFBC}") = "copyzomboidmods", "copyzomboidmods\copyzomboidmods.csproj", "{CF0E45C8-D70A-4DBC-BC80-3B981343AD3B}"
EndProject
Global
	GlobalSection(SolutionConfigurationPlatforms) = preSolution
		Debug|Any CPU = Debug|Any CPU
		Release|Any CPU = Release|Any CPU
	EndGlobalSection
	GlobalSection(ProjectConfigurationPlatforms) = postSolution
		{CF0E45C8-D70A-4DBC-BC80-3B981343AD3B}.Debug|Any CPU.ActiveCfg = Debug|Any CPU
		{CF0E45C8-D70A-4DBC-BC80-3B981343AD3B}.Debug|Any CPU.Build.0 = Debug|Any CPU
		{CF0E45C8-D70A-4DBC-BC80-3B981343AD3B}.Release|Any CPU.ActiveCfg = Release|Any CPU
		{CF0E45C8-D70A-4DBC-BC80-3B981343AD3B}.Release|Any CPU.Build.0 = Release|Any CPU
	EndGlobalSection
	GlobalSection(SolutionProperties) = preSolution
		HideSolutionNode = FALSE
	EndGlobalSection
	GlobalSection(ExtensibilityGlobals) = postSolution
		SolutionGuid = {A7CCAC3F-9D3C-4D94-86F7-8F637D0D8CEC}
	EndGlobalSection
EndGlobal
